// !$*UTF8*$!
{
	archiveVersion = 1;
	classes = {
	};
	objectVersion = 50;
	objects = {

/* Begin PBXBuildFile section */
		F56132F125BA3AF200AB13FC /* missions.json in Resources */ = {isa = PBXBuildFile; fileRef = F56132F025BA3AF200AB13FC /* missions.json */; };
		F56132F625BA3B1D00AB13FC /* astronauts.json in Resources */ = {isa = PBXBuildFile; fileRef = F56132F525BA3B1D00AB13FC /* astronauts.json */; };
		F5651DCE25BB289E002187E1 /* Astronaut.swift in Sources */ = {isa = PBXBuildFile; fileRef = F5651DCD25BB289E002187E1 /* Astronaut.swift */; };
		F5651DD325BB28F4002187E1 /* Bundle-Decodable.swift in Sources */ = {isa = PBXBuildFile; fileRef = F5651DD225BB28F4002187E1 /* Bundle-Decodable.swift */; };
		F5651DD825BB29C4002187E1 /* Mission.swift in Sources */ = {isa = PBXBuildFile; fileRef = F5651DD725BB29C4002187E1 /* Mission.swift */; };
		F5651DDD25BC7660002187E1 /* MissionView.swift in Sources */ = {isa = PBXBuildFile; fileRef = F5651DDC25BC7660002187E1 /* MissionView.swift */; };
		F5651DE225BC7915002187E1 /* AstronautView.swift in Sources */ = {isa = PBXBuildFile; fileRef = F5651DE125BC7915002187E1 /* AstronautView.swift */; };
		F573F52C25B9D5D100BDE1BE /* MoonShotApp.swift in Sources */ = {isa = PBXBuildFile; fileRef = F573F52B25B9D5D100BDE1BE /* MoonShotApp.swift */; };
		F573F52E25B9D5D100BDE1BE /* ContentView.swift in Sources */ = {isa = PBXBuildFile; fileRef = F573F52D25B9D5D100BDE1BE /* ContentView.swift */; };
		F573F53025B9D5D300BDE1BE /* Assets.xcassets in Resources */ = {isa = PBXBuildFile; fileRef = F573F52F25B9D5D300BDE1BE /* Assets.xcassets */; };
		F573F53325B9D5D300BDE1BE /* Preview Assets.xcassets in Resources */ = {isa = PBXBuildFile; fileRef = F573F53225B9D5D300BDE1BE /* Preview Assets.xcassets */; };
		F573F53E25B9D5D400BDE1BE /* MoonShotTests.swift in Sources */ = {isa = PBXBuildFile; fileRef = F573F53D25B9D5D400BDE1BE /* MoonShotTests.swift */; };
		F573F54925B9D5D400BDE1BE /* MoonShotUITests.swift in Sources */ = {isa = PBXBuildFile; fileRef = F573F54825B9D5D400BDE1BE /* MoonShotUITests.swift */; };
/* End PBXBuildFile section */

/* Begin PBXContainerItemProxy section */
		F573F53A25B9D5D400BDE1BE /* PBXContainerItemProxy */ = {
			isa = PBXContainerItemProxy;
			containerPortal = F573F52025B9D5D000BDE1BE /* Project object */;
			proxyType = 1;
			remoteGlobalIDString = F573F52725B9D5D100BDE1BE;
			remoteInfo = MoonShot;
		};
		F573F54525B9D5D400BDE1BE /* PBXContainerItemProxy */ = {
			isa = PBXContainerItemProxy;
			containerPortal = F573F52025B9D5D000BDE1BE /* Project object */;
			proxyType = 1;
			remoteGlobalIDString = F573F52725B9D5D100BDE1BE;
			remoteInfo = MoonShot;
		};
/* End PBXContainerItemProxy section */

/* Begin PBXFileReference section */
		F56132F025BA3AF200AB13FC /* missions.json */ = {isa = PBXFileReference; fileEncoding = 4; lastKnownFileType = text.json; name = missions.json; path = "../../HackingWithSwift-main/SwiftUI/project8-files/missions.json"; sourceTree = "<group>"; };
		F56132F525BA3B1D00AB13FC /* astronauts.json */ = {isa = PBXFileReference; fileEncoding = 4; lastKnownFileType = text.json; name = astronauts.json; path = "../../HackingWithSwift-main/SwiftUI/project8-files/astronauts.json"; sourceTree = "<group>"; };
		F5651DCD25BB289E002187E1 /* Astronaut.swift */ = {isa = PBXFileReference; lastKnownFileType = sourcecode.swift; path = Astronaut.swift; sourceTree = "<group>"; };
		F5651DD225BB28F4002187E1 /* Bundle-Decodable.swift */ = {isa = PBXFileReference; lastKnownFileType = sourcecode.swift; path = "Bundle-Decodable.swift"; sourceTree = "<group>"; };
		F5651DD725BB29C4002187E1 /* Mission.swift */ = {isa = PBXFileReference; lastKnownFileType = sourcecode.swift; path = Mission.swift; sourceTree = "<group>"; };
		F5651DDC25BC7660002187E1 /* MissionView.swift */ = {isa = PBXFileReference; lastKnownFileType = sourcecode.swift; path = MissionView.swift; sourceTree = "<group>"; };
		F5651DE125BC7915002187E1 /* AstronautView.swift */ = {isa = PBXFileReference; lastKnownFileType = sourcecode.swift; path = AstronautView.swift; sourceTree = "<group>"; };
		F573F52825B9D5D100BDE1BE /* MoonShot.app */ = {isa = PBXFileReference; explicitFileType = wrapper.application; includeInIndex = 0; path = MoonShot.app; sourceTree = BUILT_PRODUCTS_DIR; };
		F573F52B25B9D5D100BDE1BE /* MoonShotApp.swift */ = {isa = PBXFileReference; lastKnownFileType = sourcecode.swift; path = MoonShotApp.swift; sourceTree = "<group>"; };
		F573F52D25B9D5D100BDE1BE /* ContentView.swift */ = {isa = PBXFileReference; lastKnownFileType = sourcecode.swift; path = ContentView.swift; sourceTree = "<group>"; };
		F573F52F25B9D5D300BDE1BE /* Assets.xcassets */ = {isa = PBXFileReference; lastKnownFileType = folder.assetcatalog; path = Assets.xcassets; sourceTree = "<group>"; };
		F573F53225B9D5D300BDE1BE /* Preview Assets.xcassets */ = {isa = PBXFileReference; lastKnownFileType = folder.assetcatalog; path = "Preview Assets.xcassets"; sourceTree = "<group>"; };
		F573F53425B9D5D300BDE1BE /* Info.plist */ = {isa = PBXFileReference; lastKnownFileType = text.plist.xml; path = Info.plist; sourceTree = "<group>"; };
		F573F53925B9D5D400BDE1BE /* MoonShotTests.xctest */ = {isa = PBXFileReference; explicitFileType = wrapper.cfbundle; includeInIndex = 0; path = MoonShotTests.xctest; sourceTree = BUILT_PRODUCTS_DIR; };
		F573F53D25B9D5D400BDE1BE /* MoonShotTests.swift */ = {isa = PBXFileReference; lastKnownFileType = sourcecode.swift; path = MoonShotTests.swift; sourceTree = "<group>"; };
		F573F53F25B9D5D400BDE1BE /* Info.plist */ = {isa = PBXFileReference; lastKnownFileType = text.plist.xml; path = Info.plist; sourceTree = "<group>"; };
		F573F54425B9D5D400BDE1BE /* MoonShotUITests.xctest */ = {isa = PBXFileReference; explicitFileType = wrapper.cfbundle; includeInIndex = 0; path = MoonShotUITests.xctest; sourceTree = BUILT_PRODUCTS_DIR; };
		F573F54825B9D5D400BDE1BE /* MoonShotUITests.swift */ = {isa = PBXFileReference; lastKnownFileType = sourcecode.swift; path = MoonShotUITests.swift; sourceTree = "<group>"; };
		F573F54A25B9D5D400BDE1BE /* Info.plist */ = {isa = PBXFileReference; lastKnownFileType = text.plist.xml; path = Info.plist; sourceTree = "<group>"; };
/* End PBXFileReference section */

/* Begin PBXFrameworksBuildPhase section */
		F573F52525B9D5D100BDE1BE /* Frameworks */ = {
			isa = PBXFrameworksBuildPhase;
			buildActionMask = 2147483647;
			files = (
			);
			runOnlyForDeploymentPostprocessing = 0;
		};
		F573F53625B9D5D400BDE1BE /* Frameworks */ = {
			isa = PBXFrameworksBuildPhase;
			buildActionMask = 2147483647;
			files = (
			);
			runOnlyForDeploymentPostprocessing = 0;
		};
		F573F54125B9D5D400BDE1BE /* Frameworks */ = {
			isa = PBXFrameworksBuildPhase;
			buildActionMask = 2147483647;
			files = (
			);
			runOnlyForDeploymentPostprocessing = 0;
		};
/* End PBXFrameworksBuildPhase section */

/* Begin PBXGroup section */
		F573F51F25B9D5D000BDE1BE = {
			isa = PBXGroup;
			children = (
				F573F52A25B9D5D100BDE1BE /* MoonShot */,
				F573F53C25B9D5D400BDE1BE /* MoonShotTests */,
				F573F54725B9D5D400BDE1BE /* MoonShotUITests */,
				F573F52925B9D5D100BDE1BE /* Products */,
			);
			sourceTree = "<group>";
		};
		F573F52925B9D5D100BDE1BE /* Products */ = {
			isa = PBXGroup;
			children = (
				F573F52825B9D5D100BDE1BE /* MoonShot.app */,
				F573F53925B9D5D400BDE1BE /* MoonShotTests.xctest */,
				F573F54425B9D5D400BDE1BE /* MoonShotUITests.xctest */,
			);
			name = Products;
			sourceTree = "<group>";
		};
		F573F52A25B9D5D100BDE1BE /* MoonShot */ = {
			isa = PBXGroup;
			children = (
				F573F52B25B9D5D100BDE1BE /* MoonShotApp.swift */,
				F573F52D25B9D5D100BDE1BE /* ContentView.swift */,
				F5651DE125BC7915002187E1 /* AstronautView.swift */,
				F5651DDC25BC7660002187E1 /* MissionView.swift */,
				F5651DD725BB29C4002187E1 /* Mission.swift */,
				F5651DCD25BB289E002187E1 /* Astronaut.swift */,
				F5651DD225BB28F4002187E1 /* Bundle-Decodable.swift */,
				F573F52F25B9D5D300BDE1BE /* Assets.xcassets */,
				F573F53425B9D5D300BDE1BE /* Info.plist */,
				F573F53125B9D5D300BDE1BE /* Preview Content */,
			);
			path = MoonShot;
			sourceTree = "<group>";
		};
		F573F53125B9D5D300BDE1BE /* Preview Content */ = {
			isa = PBXGroup;
			children = (
				F573F53225B9D5D300BDE1BE /* Preview Assets.xcassets */,
			);
			path = "Preview Content";
			sourceTree = "<group>";
		};
		F573F53C25B9D5D400BDE1BE /* MoonShotTests */ = {
			isa = PBXGroup;
			children = (
				F573F53D25B9D5D400BDE1BE /* MoonShotTests.swift */,
				F573F53F25B9D5D400BDE1BE /* Info.plist */,
				F56132F025BA3AF200AB13FC /* missions.json */,
				F56132F525BA3B1D00AB13FC /* astronauts.json */,
			);
			path = MoonShotTests;
			sourceTree = "<group>";
		};
		F573F54725B9D5D400BDE1BE /* MoonShotUITests */ = {
			isa = PBXGroup;
			children = (
				F573F54825B9D5D400BDE1BE /* MoonShotUITests.swift */,
				F573F54A25B9D5D400BDE1BE /* Info.plist */,
			);
			path = MoonShotUITests;
			sourceTree = "<group>";
		};
/* End PBXGroup section */

/* Begin PBXNativeTarget section */
		F573F52725B9D5D100BDE1BE /* MoonShot */ = {
			isa = PBXNativeTarget;
			buildConfigurationList = F573F54D25B9D5D400BDE1BE /* Build configuration list for PBXNativeTarget "MoonShot" */;
			buildPhases = (
				F573F52425B9D5D100BDE1BE /* Sources */,
				F573F52525B9D5D100BDE1BE /* Frameworks */,
				F573F52625B9D5D100BDE1BE /* Resources */,
			);
			buildRules = (
			);
			dependencies = (
			);
			name = MoonShot;
			productName = MoonShot;
			productReference = F573F52825B9D5D100BDE1BE /* MoonShot.app */;
			productType = "com.apple.product-type.application";
		};
		F573F53825B9D5D400BDE1BE /* MoonShotTests */ = {
			isa = PBXNativeTarget;
			buildConfigurationList = F573F55025B9D5D400BDE1BE /* Build configuration list for PBXNativeTarget "MoonShotTests" */;
			buildPhases = (
				F573F53525B9D5D400BDE1BE /* Sources */,
				F573F53625B9D5D400BDE1BE /* Frameworks */,
				F573F53725B9D5D400BDE1BE /* Resources */,
			);
			buildRules = (
			);
			dependencies = (
				F573F53B25B9D5D400BDE1BE /* PBXTargetDependency */,
			);
			name = MoonShotTests;
			productName = MoonShotTests;
			productReference = F573F53925B9D5D400BDE1BE /* MoonShotTests.xctest */;
			productType = "com.apple.product-type.bundle.unit-test";
		};
		F573F54325B9D5D400BDE1BE /* MoonShotUITests */ = {
			isa = PBXNativeTarget;
			buildConfigurationList = F573F55325B9D5D400BDE1BE /* Build configuration list for PBXNativeTarget "MoonShotUITests" */;
			buildPhases = (
				F573F54025B9D5D400BDE1BE /* Sources */,
				F573F54125B9D5D400BDE1BE /* Frameworks */,
				F573F54225B9D5D400BDE1BE /* Resources */,
			);
			buildRules = (
			);
			dependencies = (
				F573F54625B9D5D400BDE1BE /* PBXTargetDependency */,
			);
			name = MoonShotUITests;
			productName = MoonShotUITests;
			productReference = F573F54425B9D5D400BDE1BE /* MoonShotUITests.xctest */;
			productType = "com.apple.product-type.bundle.ui-testing";
		};
/* End PBXNativeTarget section */

/* Begin PBXProject section */
		F573F52025B9D5D000BDE1BE /* Project object */ = {
			isa = PBXProject;
			attributes = {
				LastSwiftUpdateCheck = 1230;
				LastUpgradeCheck = 1230;
				TargetAttributes = {
					F573F52725B9D5D100BDE1BE = {
						CreatedOnToolsVersion = 12.3;
					};
					F573F53825B9D5D400BDE1BE = {
						CreatedOnToolsVersion = 12.3;
						TestTargetID = F573F52725B9D5D100BDE1BE;
					};
					F573F54325B9D5D400BDE1BE = {
						CreatedOnToolsVersion = 12.3;
						TestTargetID = F573F52725B9D5D100BDE1BE;
					};
				};
			};
			buildConfigurationList = F573F52325B9D5D000BDE1BE /* Build configuration list for PBXProject "MoonShot" */;
			compatibilityVersion = "Xcode 9.3";
			developmentRegion = en;
			hasScannedForEncodings = 0;
			knownRegions = (
				en,
				Base,
			);
			mainGroup = F573F51F25B9D5D000BDE1BE;
			productRefGroup = F573F52925B9D5D100BDE1BE /* Products */;
			projectDirPath = "";
			projectRoot = "";
			targets = (
				F573F52725B9D5D100BDE1BE /* MoonShot */,
				F573F53825B9D5D400BDE1BE /* MoonShotTests */,
				F573F54325B9D5D400BDE1BE /* MoonShotUITests */,
			);
		};
/* End PBXProject section */

/* Begin PBXResourcesBuildPhase section */
		F573F52625B9D5D100BDE1BE /* Resources */ = {
			isa = PBXResourcesBuildPhase;
			buildActionMask = 2147483647;
			files = (
				F573F53325B9D5D300BDE1BE /* Preview Assets.xcassets in Resources */,
				F56132F125BA3AF200AB13FC /* missions.json in Resources */,
				F573F53025B9D5D300BDE1BE /* Assets.xcassets in Resources */,
				F56132F625BA3B1D00AB13FC /* astronauts.json in Resources */,
			);
			runOnlyForDeploymentPostprocessing = 0;
		};
		F573F53725B9D5D400BDE1BE /* Resources */ = {
			isa = PBXResourcesBuildPhase;
			buildActionMask = 2147483647;
			files = (
			);
			runOnlyForDeploymentPostprocessing = 0;
		};
		F573F54225B9D5D400BDE1BE /* Resources */ = {
			isa = PBXResourcesBuildPhase;
			buildActionMask = 2147483647;
			files = (
			);
			runOnlyForDeploymentPostprocessing = 0;
		};
/* End PBXResourcesBuildPhase section */

/* Begin PBXSourcesBuildPhase section */
		F573F52425B9D5D100BDE1BE /* Sources */ = {
			isa = PBXSourcesBuildPhase;
			buildActionMask = 2147483647;
			files = (
				F5651DE225BC7915002187E1 /* AstronautView.swift in Sources */,
				F5651DCE25BB289E002187E1 /* Astronaut.swift in Sources */,
				F573F52E25B9D5D100BDE1BE /* ContentView.swift in Sources */,
				F573F52C25B9D5D100BDE1BE /* MoonShotApp.swift in Sources */,
				F5651DD825BB29C4002187E1 /* Mission.swift in Sources */,
				F5651DD325BB28F4002187E1 /* Bundle-Decodable.swift in Sources */,
				F5651DDD25BC7660002187E1 /* MissionView.swift in Sources */,
			);
			runOnlyForDeploymentPostprocessing = 0;
		};
		F573F53525B9D5D400BDE1BE /* Sources */ = {
			isa = PBXSourcesBuildPhase;
			buildActionMask = 2147483647;
			files = (
				F573F53E25B9D5D400BDE1BE /* MoonShotTests.swift in Sources */,
			);
			runOnlyForDeploymentPostprocessing = 0;
		};
		F573F54025B9D5D400BDE1BE /* Sources */ = {
			isa = PBXSourcesBuildPhase;
			buildActionMask = 2147483647;
			files = (
				F573F54925B9D5D400BDE1BE /* MoonShotUITests.swift in Sources */,
			);
			runOnlyForDeploymentPostprocessing = 0;
		};
/* End PBXSourcesBuildPhase section */

/* Begin PBXTargetDependency section */
		F573F53B25B9D5D400BDE1BE /* PBXTargetDependency */ = {
			isa = PBXTargetDependency;
			target = F573F52725B9D5D100BDE1BE /* MoonShot */;
			targetProxy = F573F53A25B9D5D400BDE1BE /* PBXContainerItemProxy */;
		};
		F573F54625B9D5D400BDE1BE /* PBXTargetDependency */ = {
			isa = PBXTargetDependency;
			target = F573F52725B9D5D100BDE1BE /* MoonShot */;
			targetProxy = F573F54525B9D5D400BDE1BE /* PBXContainerItemProxy */;
		};
/* End PBXTargetDependency section */

/* Begin XCBuildConfiguration section */
		F573F54B25B9D5D400BDE1BE /* Debug */ = {
			isa = XCBuildConfiguration;
			buildSettings = {
				ALWAYS_SEARCH_USER_PATHS = NO;
				CLANG_ANALYZER_NONNULL = YES;
				CLANG_ANALYZER_NUMBER_OBJECT_CONVERSION = YES_AGGRESSIVE;
				CLANG_CXX_LANGUAGE_STANDARD = "gnu++14";
				CLANG_CXX_LIBRARY = "libc++";
				CLANG_ENABLE_MODULES = YES;
				CLANG_ENABLE_OBJC_ARC = YES;
				CLANG_ENABLE_OBJC_WEAK = YES;
				CLANG_WARN_BLOCK_CAPTURE_AUTORELEASING = YES;
				CLANG_WARN_BOOL_CONVERSION = YES;
				CLANG_WARN_COMMA = YES;
				CLANG_WARN_CONSTANT_CONVERSION = YES;
				CLANG_WARN_DEPRECATED_OBJC_IMPLEMENTATIONS = YES;
				CLANG_WARN_DIRECT_OBJC_ISA_USAGE = YES_ERROR;
				CLANG_WARN_DOCUMENTATION_COMMENTS = YES;
				CLANG_WARN_EMPTY_BODY = YES;
				CLANG_WARN_ENUM_CONVERSION = YES;
				CLANG_WARN_INFINITE_RECURSION = YES;
				CLANG_WARN_INT_CONVERSION = YES;
				CLANG_WARN_NON_LITERAL_NULL_CONVERSION = YES;
				CLANG_WARN_OBJC_IMPLICIT_RETAIN_SELF = YES;
				CLANG_WARN_OBJC_LITERAL_CONVERSION = YES;
				CLANG_WARN_OBJC_ROOT_CLASS = YES_ERROR;
				CLANG_WARN_QUOTED_INCLUDE_IN_FRAMEWORK_HEADER = YES;
				CLANG_WARN_RANGE_LOOP_ANALYSIS = YES;
				CLANG_WARN_STRICT_PROTOTYPES = YES;
				CLANG_WARN_SUSPICIOUS_MOVE = YES;
				CLANG_WARN_UNGUARDED_AVAILABILITY = YES_AGGRESSIVE;
				CLANG_WARN_UNREACHABLE_CODE = YES;
				CLANG_WARN__DUPLICATE_METHOD_MATCH = YES;
				COPY_PHASE_STRIP = NO;
				DEBUG_INFORMATION_FORMAT = dwarf;
				ENABLE_STRICT_OBJC_MSGSEND = YES;
				ENABLE_TESTABILITY = YES;
				GCC_C_LANGUAGE_STANDARD = gnu11;
				GCC_DYNAMIC_NO_PIC = NO;
				GCC_NO_COMMON_BLOCKS = YES;
				GCC_OPTIMIZATION_LEVEL = 0;
				GCC_PREPROCESSOR_DEFINITIONS = (
					"DEBUG=1",
					"$(inherited)",
				);
				GCC_WARN_64_TO_32_BIT_CONVERSION = YES;
				GCC_WARN_ABOUT_RETURN_TYPE = YES_ERROR;
				GCC_WARN_UNDECLARED_SELECTOR = YES;
				GCC_WARN_UNINITIALIZED_AUTOS = YES_AGGRESSIVE;
				GCC_WARN_UNUSED_FUNCTION = YES;
				GCC_WARN_UNUSED_VARIABLE = YES;
				IPHONEOS_DEPLOYMENT_TARGET = 14.3;
				MTL_ENABLE_DEBUG_INFO = INCLUDE_SOURCE;
				MTL_FAST_MATH = YES;
				ONLY_ACTIVE_ARCH = YES;
				SDKROOT = iphoneos;
				SWIFT_ACTIVE_COMPILATION_CONDITIONS = DEBUG;
				SWIFT_OPTIMIZATION_LEVEL = "-Onone";
			};
			name = Debug;
		};
		F573F54C25B9D5D400BDE1BE /* Release */ = {
			isa = XCBuildConfiguration;
			buildSettings = {
				ALWAYS_SEARCH_USER_PATHS = NO;
				CLANG_ANALYZER_NONNULL = YES;
				CLANG_ANALYZER_NUMBER_OBJECT_CONVERSION = YES_AGGRESSIVE;
				CLANG_CXX_LANGUAGE_STANDARD = "gnu++14";
				CLANG_CXX_LIBRARY = "libc++";
				CLANG_ENABLE_MODULES = YES;
				CLANG_ENABLE_OBJC_ARC = YES;
				CLANG_ENABLE_OBJC_WEAK = YES;
				CLANG_WARN_BLOCK_CAPTURE_AUTORELEASING = YES;
				CLANG_WARN_BOOL_CONVERSION = YES;
				CLANG_WARN_COMMA = YES;
				CLANG_WARN_CONSTANT_CONVERSION = YES;
				CLANG_WARN_DEPRECATED_OBJC_IMPLEMENTATIONS = YES;
				CLANG_WARN_DIRECT_OBJC_ISA_USAGE = YES_ERROR;
				CLANG_WARN_DOCUMENTATION_COMMENTS = YES;
				CLANG_WARN_EMPTY_BODY = YES;
				CLANG_WARN_ENUM_CONVERSION = YES;
				CLANG_WARN_INFINITE_RECURSION = YES;
				CLANG_WARN_INT_CONVERSION = YES;
				CLANG_WARN_NON_LITERAL_NULL_CONVERSION = YES;
				CLANG_WARN_OBJC_IMPLICIT_RETAIN_SELF = YES;
				CLANG_WARN_OBJC_LITERAL_CONVERSION = YES;
				CLANG_WARN_OBJC_ROOT_CLASS = YES_ERROR;
				CLANG_WARN_QUOTED_INCLUDE_IN_FRAMEWORK_HEADER = YES;
				CLANG_WARN_RANGE_LOOP_ANALYSIS = YES;
				CLANG_WARN_STRICT_PROTOTYPES = YES;
				CLANG_WARN_SUSPICIOUS_MOVE = YES;
				CLANG_WARN_UNGUARDED_AVAILABILITY = YES_AGGRESSIVE;
				CLANG_WARN_UNREACHABLE_CODE = YES;
				CLANG_WARN__DUPLICATE_METHOD_MATCH = YES;
				COPY_PHASE_STRIP = NO;
				DEBUG_INFORMATION_FORMAT = "dwarf-with-dsym";
				ENABLE_NS_ASSERTIONS = NO;
				ENABLE_STRICT_OBJC_MSGSEND = YES;
				GCC_C_LANGUAGE_STANDARD = gnu11;
				GCC_NO_COMMON_BLOCKS = YES;
				GCC_WARN_64_TO_32_BIT_CONVERSION = YES;
				GCC_WARN_ABOUT_RETURN_TYPE = YES_ERROR;
				GCC_WARN_UNDECLARED_SELECTOR = YES;
				GCC_WARN_UNINITIALIZED_AUTOS = YES_AGGRESSIVE;
				GCC_WARN_UNUSED_FUNCTION = YES;
				GCC_WARN_UNUSED_VARIABLE = YES;
				IPHONEOS_DEPLOYMENT_TARGET = 14.3;
				MTL_ENABLE_DEBUG_INFO = NO;
				MTL_FAST_MATH = YES;
				SDKROOT = iphoneos;
				SWIFT_COMPILATION_MODE = wholemodule;
				SWIFT_OPTIMIZATION_LEVEL = "-O";
				VALIDATE_PRODUCT = YES;
			};
			name = Release;
		};
		F573F54E25B9D5D400BDE1BE /* Debug */ = {
			isa = XCBuildConfiguration;
			buildSettings = {
				ASSETCATALOG_COMPILER_APPICON_NAME = AppIcon;
				ASSETCATALOG_COMPILER_GLOBAL_ACCENT_COLOR_NAME = AccentColor;
				CODE_SIGN_STYLE = Automatic;
				DEVELOPMENT_ASSET_PATHS = "\"MoonShot/Preview Content\"";
				DEVELOPMENT_TEAM = 3ZL82Q3UF6;
				ENABLE_PREVIEWS = YES;
				INFOPLIST_FILE = MoonShot/Info.plist;
				IPHONEOS_DEPLOYMENT_TARGET = 14.0;
				LD_RUNPATH_SEARCH_PATHS = (
					"$(inherited)",
					"@executable_path/Frameworks",
				);
				PRODUCT_BUNDLE_IDENTIFIER = com..MoonShot;
				PRODUCT_NAME = "$(TARGET_NAME)";
				SWIFT_VERSION = 5.0;
				TARGETED_DEVICE_FAMILY = "1,2";
			};
			name = Debug;
		};
		F573F54F25B9D5D400BDE1BE /* Release */ = {
			isa = XCBuildConfiguration;
			buildSettings = {
				ASSETCATALOG_COMPILER_APPICON_NAME = AppIcon;
				ASSETCATALOG_COMPILER_GLOBAL_ACCENT_COLOR_NAME = AccentColor;
				CODE_SIGN_STYLE = Automatic;
				DEVELOPMENT_ASSET_PATHS = "\"MoonShot/Preview Content\"";
				DEVELOPMENT_TEAM = 3ZL82Q3UF6;
				ENABLE_PREVIEWS = YES;
				INFOPLIST_FILE = MoonShot/Info.plist;
				IPHONEOS_DEPLOYMENT_TARGET = 14.0;
				LD_RUNPATH_SEARCH_PATHS = (
					"$(inherited)",
					"@executable_path/Frameworks",
				);
				PRODUCT_BUNDLE_IDENTIFIER = com..MoonShot;
				PRODUCT_NAME = "$(TARGET_NAME)";
				SWIFT_VERSION = 5.0;
				TARGETED_DEVICE_FAMILY = "1,2";
			};
			name = Release;
		};
		F573F55125B9D5D400BDE1BE /* Debug */ = {
			isa = XCBuildConfiguration;
			buildSettings = {
				ALWAYS_EMBED_SWIFT_STANDARD_LIBRARIES = YES;
				BUNDLE_LOADER = "$(TEST_HOST)";
				CODE_SIGN_STYLE = Automatic;
				INFOPLIST_FILE = MoonShotTests/Info.plist;
				IPHONEOS_DEPLOYMENT_TARGET = 14.0;
				LD_RUNPATH_SEARCH_PATHS = (
					"$(inherited)",
					"@executable_path/Frameworks",
					"@loader_path/Frameworks",
				);
				PRODUCT_BUNDLE_IDENTIFIER = com..MoonShotTests;
				PRODUCT_NAME = "$(TARGET_NAME)";
				SWIFT_VERSION = 5.0;
				TARGETED_DEVICE_FAMILY = "1,2";
				TEST_HOST = "$(BUILT_PRODUCTS_DIR)/MoonShot.app/MoonShot";
			};
			name = Debug;
		};
		F573F55225B9D5D400BDE1BE /* Release */ = {
			isa = XCBuildConfiguration;
			buildSettings = {
				ALWAYS_EMBED_SWIFT_STANDARD_LIBRARIES = YES;
				BUNDLE_LOADER = "$(TEST_HOST)";
				CODE_SIGN_STYLE = Automatic;
				INFOPLIST_FILE = MoonShotTests/Info.plist;
				IPHONEOS_DEPLOYMENT_TARGET = 14.0;
				LD_RUNPATH_SEARCH_PATHS = (
					"$(inherited)",
					"@executable_path/Frameworks",
					"@loader_path/Frameworks",
				);
				PRODUCT_BUNDLE_IDENTIFIER = com..MoonShotTests;
				PRODUCT_NAME = "$(TARGET_NAME)";
				SWIFT_VERSION = 5.0;
				TARGETED_DEVICE_FAMILY = "1,2";
				TEST_HOST = "$(BUILT_PRODUCTS_DIR)/MoonShot.app/MoonShot";
			};
			name = Release;
		};
		F573F55425B9D5D400BDE1BE /* Debug */ = {
			isa = XCBuildConfiguration;
			buildSettings = {
				ALWAYS_EMBED_SWIFT_STANDARD_LIBRARIES = YES;
				CODE_SIGN_STYLE = Automatic;
				INFOPLIST_FILE = MoonShotUITests/Info.plist;
				LD_RUNPATH_SEARCH_PATHS = (
					"$(inherited)",
					"@executable_path/Frameworks",
					"@loader_path/Frameworks",
				);
				PRODUCT_BUNDLE_IDENTIFIER = com..MoonShotUITests;
				PRODUCT_NAME = "$(TARGET_NAME)";
				SWIFT_VERSION = 5.0;
				TARGETED_DEVICE_FAMILY = "1,2";
				TEST_TARGET_NAME = MoonShot;
			};
			name = Debug;
		};
		F573F55525B9D5D400BDE1BE /* Release */ = {
			isa = XCBuildConfiguration;
			buildSettings = {
				ALWAYS_EMBED_SWIFT_STANDARD_LIBRARIES = YES;
				CODE_SIGN_STYLE = Automatic;
				INFOPLIST_FILE = MoonShotUITests/Info.plist;
				LD_RUNPATH_SEARCH_PATHS = (
					"$(inherited)",
					"@executable_path/Frameworks",
					"@loader_path/Frameworks",
				);
				PRODUCT_BUNDLE_IDENTIFIER = com..MoonShotUITests;
				PRODUCT_NAME = "$(TARGET_NAME)";
				SWIFT_VERSION = 5.0;
				TARGETED_DEVICE_FAMILY = "1,2";
				TEST_TARGET_NAME = MoonShot;
			};
			name = Release;
		};
/* End XCBuildConfiguration section */

/* Begin XCConfigurationList section */
		F573F52325B9D5D000BDE1BE /* Build configuration list for PBXProject "MoonShot" */ = {
			isa = XCConfigurationList;
			buildConfigurations = (
				F573F54B25B9D5D400BDE1BE /* Debug */,
				F573F54C25B9D5D400BDE1BE /* Release */,
			);
			defaultConfigurationIsVisible = 0;
			defaultConfigurationName = Release;
		};
		F573F54D25B9D5D400BDE1BE /* Build configuration list for PBXNativeTarget "MoonShot" */ = {
			isa = XCConfigurationList;
			buildConfigurations = (
				F573F54E25B9D5D400BDE1BE /* Debug */,
				F573F54F25B9D5D400BDE1BE /* Release */,
			);
			defaultConfigurationIsVisible = 0;
			defaultConfigurationName = Release;
		};
		F573F55025B9D5D400BDE1BE /* Build configuration list for PBXNativeTarget "MoonShotTests" */ = {
			isa = XCConfigurationList;
			buildConfigurations = (
				F573F55125B9D5D400BDE1BE /* Debug */,
				F573F55225B9D5D400BDE1BE /* Release */,
			);
			defaultConfigurationIsVisible = 0;
			defaultConfigurationName = Release;
		};
		F573F55325B9D5D400BDE1BE /* Build configuration list for PBXNativeTarget "MoonShotUITests" */ = {
			isa = XCConfigurationList;
			buildConfigurations = (
				F573F55425B9D5D400BDE1BE /* Debug */,
				F573F55525B9D5D400BDE1BE /* Release */,
			);
			defaultConfigurationIsVisible = 0;
			defaultConfigurationName = Release;
		};
/* End XCConfigurationList section */
	};
	rootObject = F573F52025B9D5D000BDE1BE /* Project object */;
}
